// !$*UTF8*$!
{
	archiveVersion = 1;
	classes = {
	};
	objectVersion = 50;
	objects = {

/* Begin PBXBuildFile section */
		84E6D8142428D1300069C953 /* AppDelegate.swift in Sources */ = {isa = PBXBuildFile; fileRef = 84E6D8132428D1300069C953 /* AppDelegate.swift */; };
		84E6D8162428D1300069C953 /* GameScene.sks in Resources */ = {isa = PBXBuildFile; fileRef = 84E6D8152428D1300069C953 /* GameScene.sks */; };
		84E6D8182428D1300069C953 /* Actions.sks in Resources */ = {isa = PBXBuildFile; fileRef = 84E6D8172428D1300069C953 /* Actions.sks */; };
		84E6D81A2428D1300069C953 /* GameScene.swift in Sources */ = {isa = PBXBuildFile; fileRef = 84E6D8192428D1300069C953 /* GameScene.swift */; };
		84E6D81C2428D1300069C953 /* GameViewController.swift in Sources */ = {isa = PBXBuildFile; fileRef = 84E6D81B2428D1300069C953 /* GameViewController.swift */; };
		84E6D81F2428D1300069C953 /* Main.storyboard in Resources */ = {isa = PBXBuildFile; fileRef = 84E6D81D2428D1300069C953 /* Main.storyboard */; };
		84E6D8212428D1300069C953 /* Assets.xcassets in Resources */ = {isa = PBXBuildFile; fileRef = 84E6D8202428D1300069C953 /* Assets.xcassets */; };
		84E6D8242428D1300069C953 /* LaunchScreen.storyboard in Resources */ = {isa = PBXBuildFile; fileRef = 84E6D8222428D1300069C953 /* LaunchScreen.storyboard */; };
		84E6D82F2428D1300069C953 /* platform_2D_movement_with_dravityTests.swift in Sources */ = {isa = PBXBuildFile; fileRef = 84E6D82E2428D1300069C953 /* platform_2D_movement_with_dravityTests.swift */; };
		84E6D83A2428D1300069C953 /* platform_2D_movement_with_dravityUITests.swift in Sources */ = {isa = PBXBuildFile; fileRef = 84E6D8392428D1300069C953 /* platform_2D_movement_with_dravityUITests.swift */; };
		84E6D8562428D7520069C953 /* apple.png in Resources */ = {isa = PBXBuildFile; fileRef = 84E6D84A2428D7520069C953 /* apple.png */; };
		84E6D8572428D7520069C953 /* jSubstrate.png in Resources */ = {isa = PBXBuildFile; fileRef = 84E6D84B2428D7520069C953 /* jSubstrate.png */; };
		84E6D8582428D7520069C953 /* minus@2x.png in Resources */ = {isa = PBXBuildFile; fileRef = 84E6D84C2428D7520069C953 /* minus@2x.png */; };
		84E6D8592428D7520069C953 /* plus.png in Resources */ = {isa = PBXBuildFile; fileRef = 84E6D84D2428D7520069C953 /* plus.png */; };
		84E6D85A2428D7520069C953 /* jStick@2x.png in Resources */ = {isa = PBXBuildFile; fileRef = 84E6D84E2428D7520069C953 /* jStick@2x.png */; };
		84E6D85B2428D7520069C953 /* plus@2x.png in Resources */ = {isa = PBXBuildFile; fileRef = 84E6D84F2428D7520069C953 /* plus@2x.png */; };
		84E6D85C2428D7520069C953 /* jStick.png in Resources */ = {isa = PBXBuildFile; fileRef = 84E6D8502428D7520069C953 /* jStick.png */; };
		84E6D85D2428D7520069C953 /* jSubstrate@2x.png in Resources */ = {isa = PBXBuildFile; fileRef = 84E6D8512428D7520069C953 /* jSubstrate@2x.png */; };
		84E6D85E2428D7520069C953 /* gear.png in Resources */ = {isa = PBXBuildFile; fileRef = 84E6D8522428D7520069C953 /* gear.png */; };
		84E6D85F2428D7520069C953 /* gear@2x.png in Resources */ = {isa = PBXBuildFile; fileRef = 84E6D8532428D7520069C953 /* gear@2x.png */; };
		84E6D8602428D7520069C953 /* minus.png in Resources */ = {isa = PBXBuildFile; fileRef = 84E6D8542428D7520069C953 /* minus.png */; };
		84E6D8612428D7520069C953 /* apple@2x.png in Resources */ = {isa = PBXBuildFile; fileRef = 84E6D8552428D7520069C953 /* apple@2x.png */; };
		84E6D8642428D7960069C953 /* TLAnalogJoystick.swift in Sources */ = {isa = PBXBuildFile; fileRef = 84E6D8632428D7960069C953 /* TLAnalogJoystick.swift */; };
		84E6D86E2429222F0069C953 /* MainCharacter.swift in Sources */ = {isa = PBXBuildFile; fileRef = 84E6D86D2429222F0069C953 /* MainCharacter.swift */; };
/* End PBXBuildFile section */

/* Begin PBXContainerItemProxy section */
		84E6D82B2428D1300069C953 /* PBXContainerItemProxy */ = {
			isa = PBXContainerItemProxy;
			containerPortal = 84E6D8082428D1300069C953 /* Project object */;
			proxyType = 1;
			remoteGlobalIDString = 84E6D80F2428D1300069C953;
			remoteInfo = "platform 2D movement with dravity";
		};
		84E6D8362428D1300069C953 /* PBXContainerItemProxy */ = {
			isa = PBXContainerItemProxy;
			containerPortal = 84E6D8082428D1300069C953 /* Project object */;
			proxyType = 1;
			remoteGlobalIDString = 84E6D80F2428D1300069C953;
			remoteInfo = "platform 2D movement with dravity";
		};
/* End PBXContainerItemProxy section */

/* Begin PBXFileReference section */
		84E6D8102428D1300069C953 /* Great Game.app */ = {isa = PBXFileReference; explicitFileType = wrapper.application; includeInIndex = 0; path = "Great Game.app"; sourceTree = BUILT_PRODUCTS_DIR; };
		84E6D8132428D1300069C953 /* AppDelegate.swift */ = {isa = PBXFileReference; lastKnownFileType = sourcecode.swift; path = AppDelegate.swift; sourceTree = "<group>"; };
		84E6D8152428D1300069C953 /* GameScene.sks */ = {isa = PBXFileReference; lastKnownFileType = file.sks; path = GameScene.sks; sourceTree = "<group>"; };
		84E6D8172428D1300069C953 /* Actions.sks */ = {isa = PBXFileReference; lastKnownFileType = file.sks; path = Actions.sks; sourceTree = "<group>"; };
		84E6D8192428D1300069C953 /* GameScene.swift */ = {isa = PBXFileReference; lastKnownFileType = sourcecode.swift; path = GameScene.swift; sourceTree = "<group>"; };
		84E6D81B2428D1300069C953 /* GameViewController.swift */ = {isa = PBXFileReference; lastKnownFileType = sourcecode.swift; path = GameViewController.swift; sourceTree = "<group>"; };
		84E6D81E2428D1300069C953 /* Base */ = {isa = PBXFileReference; lastKnownFileType = file.storyboard; name = Base; path = Base.lproj/Main.storyboard; sourceTree = "<group>"; };
		84E6D8202428D1300069C953 /* Assets.xcassets */ = {isa = PBXFileReference; lastKnownFileType = folder.assetcatalog; path = Assets.xcassets; sourceTree = "<group>"; };
		84E6D8232428D1300069C953 /* Base */ = {isa = PBXFileReference; lastKnownFileType = file.storyboard; name = Base; path = Base.lproj/LaunchScreen.storyboard; sourceTree = "<group>"; };
		84E6D8252428D1300069C953 /* Info.plist */ = {isa = PBXFileReference; lastKnownFileType = text.plist.xml; path = Info.plist; sourceTree = "<group>"; };
		84E6D82A2428D1300069C953 /* platform 2D movement with dravityTests.xctest */ = {isa = PBXFileReference; explicitFileType = wrapper.cfbundle; includeInIndex = 0; path = "platform 2D movement with dravityTests.xctest"; sourceTree = BUILT_PRODUCTS_DIR; };
		84E6D82E2428D1300069C953 /* platform_2D_movement_with_dravityTests.swift */ = {isa = PBXFileReference; lastKnownFileType = sourcecode.swift; path = platform_2D_movement_with_dravityTests.swift; sourceTree = "<group>"; };
		84E6D8302428D1300069C953 /* Info.plist */ = {isa = PBXFileReference; lastKnownFileType = text.plist.xml; path = Info.plist; sourceTree = "<group>"; };
		84E6D8352428D1300069C953 /* platform 2D movement with dravityUITests.xctest */ = {isa = PBXFileReference; explicitFileType = wrapper.cfbundle; includeInIndex = 0; path = "platform 2D movement with dravityUITests.xctest"; sourceTree = BUILT_PRODUCTS_DIR; };
		84E6D8392428D1300069C953 /* platform_2D_movement_with_dravityUITests.swift */ = {isa = PBXFileReference; lastKnownFileType = sourcecode.swift; path = platform_2D_movement_with_dravityUITests.swift; sourceTree = "<group>"; };
		84E6D83B2428D1300069C953 /* Info.plist */ = {isa = PBXFileReference; lastKnownFileType = text.plist.xml; path = Info.plist; sourceTree = "<group>"; };
		84E6D84A2428D7520069C953 /* apple.png */ = {isa = PBXFileReference; lastKnownFileType = image.png; path = apple.png; sourceTree = "<group>"; };
		84E6D84B2428D7520069C953 /* jSubstrate.png */ = {isa = PBXFileReference; lastKnownFileType = image.png; path = jSubstrate.png; sourceTree = "<group>"; };
		84E6D84C2428D7520069C953 /* minus@2x.png */ = {isa = PBXFileReference; lastKnownFileType = image.png; path = "minus@2x.png"; sourceTree = "<group>"; };
		84E6D84D2428D7520069C953 /* plus.png */ = {isa = PBXFileReference; lastKnownFileType = image.png; path = plus.png; sourceTree = "<group>"; };
		84E6D84E2428D7520069C953 /* jStick@2x.png */ = {isa = PBXFileReference; lastKnownFileType = image.png; path = "jStick@2x.png"; sourceTree = "<group>"; };
		84E6D84F2428D7520069C953 /* plus@2x.png */ = {isa = PBXFileReference; lastKnownFileType = image.png; path = "plus@2x.png"; sourceTree = "<group>"; };
		84E6D8502428D7520069C953 /* jStick.png */ = {isa = PBXFileReference; lastKnownFileType = image.png; path = jStick.png; sourceTree = "<group>"; };
		84E6D8512428D7520069C953 /* jSubstrate@2x.png */ = {isa = PBXFileReference; lastKnownFileType = image.png; path = "jSubstrate@2x.png"; sourceTree = "<group>"; };
		84E6D8522428D7520069C953 /* gear.png */ = {isa = PBXFileReference; lastKnownFileType = image.png; path = gear.png; sourceTree = "<group>"; };
		84E6D8532428D7520069C953 /* gear@2x.png */ = {isa = PBXFileReference; lastKnownFileType = image.png; path = "gear@2x.png"; sourceTree = "<group>"; };
		84E6D8542428D7520069C953 /* minus.png */ = {isa = PBXFileReference; lastKnownFileType = image.png; path = minus.png; sourceTree = "<group>"; };
		84E6D8552428D7520069C953 /* apple@2x.png */ = {isa = PBXFileReference; lastKnownFileType = image.png; path = "apple@2x.png"; sourceTree = "<group>"; };
		84E6D8632428D7960069C953 /* TLAnalogJoystick.swift */ = {isa = PBXFileReference; fileEncoding = 4; lastKnownFileType = sourcecode.swift; path = TLAnalogJoystick.swift; sourceTree = "<group>"; };
		84E6D86D2429222F0069C953 /* MainCharacter.swift */ = {isa = PBXFileReference; lastKnownFileType = sourcecode.swift; path = MainCharacter.swift; sourceTree = "<group>"; };
/* End PBXFileReference section */

/* Begin PBXFrameworksBuildPhase section */
		84E6D80D2428D1300069C953 /* Frameworks */ = {
			isa = PBXFrameworksBuildPhase;
			buildActionMask = 2147483647;
			files = (
			);
			runOnlyForDeploymentPostprocessing = 0;
		};
		84E6D8272428D1300069C953 /* Frameworks */ = {
			isa = PBXFrameworksBuildPhase;
			buildActionMask = 2147483647;
			files = (
			);
			runOnlyForDeploymentPostprocessing = 0;
		};
		84E6D8322428D1300069C953 /* Frameworks */ = {
			isa = PBXFrameworksBuildPhase;
			buildActionMask = 2147483647;
			files = (
			);
			runOnlyForDeploymentPostprocessing = 0;
		};
/* End PBXFrameworksBuildPhase section */

/* Begin PBXGroup section */
		84E6D8072428D1300069C953 = {
			isa = PBXGroup;
			children = (
				84E6D8122428D1300069C953 /* platform 2D movement with dravity */,
				84E6D82D2428D1300069C953 /* platform 2D movement with dravityTests */,
				84E6D8382428D1300069C953 /* platform 2D movement with dravityUITests */,
				84E6D8112428D1300069C953 /* Products */,
			);
			sourceTree = "<group>";
		};
		84E6D8112428D1300069C953 /* Products */ = {
			isa = PBXGroup;
			children = (
				84E6D8102428D1300069C953 /* Great Game.app */,
				84E6D82A2428D1300069C953 /* platform 2D movement with dravityTests.xctest */,
				84E6D8352428D1300069C953 /* platform 2D movement with dravityUITests.xctest */,
			);
			name = Products;
			sourceTree = "<group>";
		};
		84E6D8122428D1300069C953 /* platform 2D movement with dravity */ = {
			isa = PBXGroup;
			children = (
				84E6D8472428D7070069C953 /* Code */,
				84E6D8172428D1300069C953 /* Actions.sks */,
				84E6D81D2428D1300069C953 /* Main.storyboard */,
				84E6D8202428D1300069C953 /* Assets.xcassets */,
				84E6D8222428D1300069C953 /* LaunchScreen.storyboard */,
				84E6D8252428D1300069C953 /* Info.plist */,
			);
			path = "platform 2D movement with dravity";
			sourceTree = "<group>";
		};
		84E6D82D2428D1300069C953 /* platform 2D movement with dravityTests */ = {
			isa = PBXGroup;
			children = (
				84E6D82E2428D1300069C953 /* platform_2D_movement_with_dravityTests.swift */,
				84E6D8302428D1300069C953 /* Info.plist */,
			);
			path = "platform 2D movement with dravityTests";
			sourceTree = "<group>";
		};
		84E6D8382428D1300069C953 /* platform 2D movement with dravityUITests */ = {
			isa = PBXGroup;
			children = (
				84E6D8392428D1300069C953 /* platform_2D_movement_with_dravityUITests.swift */,
				84E6D83B2428D1300069C953 /* Info.plist */,
			);
			path = "platform 2D movement with dravityUITests";
			sourceTree = "<group>";
		};
		84E6D8472428D7070069C953 /* Code */ = {
			isa = PBXGroup;
			children = (
				84E6D81B2428D1300069C953 /* GameViewController.swift */,
				84E6D8132428D1300069C953 /* AppDelegate.swift */,
				84E6D8482428D7140069C953 /* Views */,
				84E6D86A242906610069C953 /* Player */,
			);
			path = Code;
			sourceTree = "<group>";
		};
		84E6D8482428D7140069C953 /* Views */ = {
			isa = PBXGroup;
			children = (
				84E6D8192428D1300069C953 /* GameScene.swift */,
				84E6D8152428D1300069C953 /* GameScene.sks */,
			);
			path = Views;
			sourceTree = "<group>";
		};
		84E6D8492428D7320069C953 /* Images */ = {
			isa = PBXGroup;
			children = (
				84E6D84A2428D7520069C953 /* apple.png */,
				84E6D8552428D7520069C953 /* apple@2x.png */,
				84E6D8522428D7520069C953 /* gear.png */,
				84E6D8532428D7520069C953 /* gear@2x.png */,
				84E6D8502428D7520069C953 /* jStick.png */,
				84E6D84E2428D7520069C953 /* jStick@2x.png */,
				84E6D84B2428D7520069C953 /* jSubstrate.png */,
				84E6D8512428D7520069C953 /* jSubstrate@2x.png */,
				84E6D8542428D7520069C953 /* minus.png */,
				84E6D84C2428D7520069C953 /* minus@2x.png */,
				84E6D84D2428D7520069C953 /* plus.png */,
				84E6D84F2428D7520069C953 /* plus@2x.png */,
			);
			path = Images;
			sourceTree = "<group>";
		};
		84E6D8622428D7750069C953 /* Joystick */ = {
			isa = PBXGroup;
			children = (
				84E6D8632428D7960069C953 /* TLAnalogJoystick.swift */,
				84E6D8492428D7320069C953 /* Images */,
			);
			path = Joystick;
			sourceTree = "<group>";
		};
		84E6D865242903790069C953 /* Movement */ = {
			isa = PBXGroup;
			children = (
				84E6D8622428D7750069C953 /* Joystick */,
			);
			path = Movement;
			sourceTree = "<group>";
		};
		84E6D86A242906610069C953 /* Player */ = {
			isa = PBXGroup;
			children = (
				84E6D86D2429222F0069C953 /* MainCharacter.swift */,
				84E6D865242903790069C953 /* Movement */,
			);
			path = Player;
			sourceTree = "<group>";
		};
/* End PBXGroup section */

/* Begin PBXNativeTarget section */
		84E6D80F2428D1300069C953 /* platform 2D movement with dravity */ = {
			isa = PBXNativeTarget;
			buildConfigurationList = 84E6D83E2428D1300069C953 /* Build configuration list for PBXNativeTarget "platform 2D movement with dravity" */;
			buildPhases = (
				84E6D80C2428D1300069C953 /* Sources */,
				84E6D80D2428D1300069C953 /* Frameworks */,
				84E6D80E2428D1300069C953 /* Resources */,
			);
			buildRules = (
			);
			dependencies = (
			);
			name = "platform 2D movement with dravity";
			productName = "platform 2D movement with dravity";
			productReference = 84E6D8102428D1300069C953 /* Great Game.app */;
			productType = "com.apple.product-type.application";
		};
		84E6D8292428D1300069C953 /* platform 2D movement with dravityTests */ = {
			isa = PBXNativeTarget;
			buildConfigurationList = 84E6D8412428D1300069C953 /* Build configuration list for PBXNativeTarget "platform 2D movement with dravityTests" */;
			buildPhases = (
				84E6D8262428D1300069C953 /* Sources */,
				84E6D8272428D1300069C953 /* Frameworks */,
				84E6D8282428D1300069C953 /* Resources */,
			);
			buildRules = (
			);
			dependencies = (
				84E6D82C2428D1300069C953 /* PBXTargetDependency */,
			);
			name = "platform 2D movement with dravityTests";
			productName = "platform 2D movement with dravityTests";
			productReference = 84E6D82A2428D1300069C953 /* platform 2D movement with dravityTests.xctest */;
			productType = "com.apple.product-type.bundle.unit-test";
		};
		84E6D8342428D1300069C953 /* platform 2D movement with dravityUITests */ = {
			isa = PBXNativeTarget;
			buildConfigurationList = 84E6D8442428D1300069C953 /* Build configuration list for PBXNativeTarget "platform 2D movement with dravityUITests" */;
			buildPhases = (
				84E6D8312428D1300069C953 /* Sources */,
				84E6D8322428D1300069C953 /* Frameworks */,
				84E6D8332428D1300069C953 /* Resources */,
			);
			buildRules = (
			);
			dependencies = (
				84E6D8372428D1300069C953 /* PBXTargetDependency */,
			);
			name = "platform 2D movement with dravityUITests";
			productName = "platform 2D movement with dravityUITests";
			productReference = 84E6D8352428D1300069C953 /* platform 2D movement with dravityUITests.xctest */;
			productType = "com.apple.product-type.bundle.ui-testing";
		};
/* End PBXNativeTarget section */

/* Begin PBXProject section */
		84E6D8082428D1300069C953 /* Project object */ = {
			isa = PBXProject;
			attributes = {
				LastSwiftUpdateCheck = 1130;
				LastUpgradeCheck = 1130;
				ORGANIZATIONNAME = DenysPashkov;
				TargetAttributes = {
					84E6D80F2428D1300069C953 = {
						CreatedOnToolsVersion = 11.3.1;
					};
					84E6D8292428D1300069C953 = {
						CreatedOnToolsVersion = 11.3.1;
						TestTargetID = 84E6D80F2428D1300069C953;
					};
					84E6D8342428D1300069C953 = {
						CreatedOnToolsVersion = 11.3.1;
						TestTargetID = 84E6D80F2428D1300069C953;
					};
				};
			};
			buildConfigurationList = 84E6D80B2428D1300069C953 /* Build configuration list for PBXProject "platform 2D movement with dravity" */;
			compatibilityVersion = "Xcode 9.3";
			developmentRegion = en;
			hasScannedForEncodings = 0;
			knownRegions = (
				en,
				Base,
			);
			mainGroup = 84E6D8072428D1300069C953;
			productRefGroup = 84E6D8112428D1300069C953 /* Products */;
			projectDirPath = "";
			projectRoot = "";
			targets = (
				84E6D80F2428D1300069C953 /* platform 2D movement with dravity */,
				84E6D8292428D1300069C953 /* platform 2D movement with dravityTests */,
				84E6D8342428D1300069C953 /* platform 2D movement with dravityUITests */,
			);
		};
/* End PBXProject section */

/* Begin PBXResourcesBuildPhase section */
		84E6D80E2428D1300069C953 /* Resources */ = {
			isa = PBXResourcesBuildPhase;
			buildActionMask = 2147483647;
			files = (
				84E6D81F2428D1300069C953 /* Main.storyboard in Resources */,
				84E6D8162428D1300069C953 /* GameScene.sks in Resources */,
				84E6D85A2428D7520069C953 /* jStick@2x.png in Resources */,
				84E6D8592428D7520069C953 /* plus.png in Resources */,
				84E6D8572428D7520069C953 /* jSubstrate.png in Resources */,
				84E6D85C2428D7520069C953 /* jStick.png in Resources */,
				84E6D8212428D1300069C953 /* Assets.xcassets in Resources */,
				84E6D8242428D1300069C953 /* LaunchScreen.storyboard in Resources */,
				84E6D8602428D7520069C953 /* minus.png in Resources */,
				84E6D85E2428D7520069C953 /* gear.png in Resources */,
				84E6D85D2428D7520069C953 /* jSubstrate@2x.png in Resources */,
				84E6D8582428D7520069C953 /* minus@2x.png in Resources */,
				84E6D8562428D7520069C953 /* apple.png in Resources */,
				84E6D85B2428D7520069C953 /* plus@2x.png in Resources */,
				84E6D85F2428D7520069C953 /* gear@2x.png in Resources */,
				84E6D8612428D7520069C953 /* apple@2x.png in Resources */,
				84E6D8182428D1300069C953 /* Actions.sks in Resources */,
			);
			runOnlyForDeploymentPostprocessing = 0;
		};
		84E6D8282428D1300069C953 /* Resources */ = {
			isa = PBXResourcesBuildPhase;
			buildActionMask = 2147483647;
			files = (
			);
			runOnlyForDeploymentPostprocessing = 0;
		};
		84E6D8332428D1300069C953 /* Resources */ = {
			isa = PBXResourcesBuildPhase;
			buildActionMask = 2147483647;
			files = (
			);
			runOnlyForDeploymentPostprocessing = 0;
		};
/* End PBXResourcesBuildPhase section */

/* Begin PBXSourcesBuildPhase section */
		84E6D80C2428D1300069C953 /* Sources */ = {
			isa = PBXSourcesBuildPhase;
			buildActionMask = 2147483647;
			files = (
				84E6D81A2428D1300069C953 /* GameScene.swift in Sources */,
				84E6D81C2428D1300069C953 /* GameViewController.swift in Sources */,
				84E6D86E2429222F0069C953 /* MainCharacter.swift in Sources */,
				84E6D8142428D1300069C953 /* AppDelegate.swift in Sources */,
				84E6D8642428D7960069C953 /* TLAnalogJoystick.swift in Sources */,
			);
			runOnlyForDeploymentPostprocessing = 0;
		};
		84E6D8262428D1300069C953 /* Sources */ = {
			isa = PBXSourcesBuildPhase;
			buildActionMask = 2147483647;
			files = (
				84E6D82F2428D1300069C953 /* platform_2D_movement_with_dravityTests.swift in Sources */,
			);
			runOnlyForDeploymentPostprocessing = 0;
		};
		84E6D8312428D1300069C953 /* Sources */ = {
			isa = PBXSourcesBuildPhase;
			buildActionMask = 2147483647;
			files = (
				84E6D83A2428D1300069C953 /* platform_2D_movement_with_dravityUITests.swift in Sources */,
			);
			runOnlyForDeploymentPostprocessing = 0;
		};
/* End PBXSourcesBuildPhase section */

/* Begin PBXTargetDependency section */
		84E6D82C2428D1300069C953 /* PBXTargetDependency */ = {
			isa = PBXTargetDependency;
			target = 84E6D80F2428D1300069C953 /* platform 2D movement with dravity */;
			targetProxy = 84E6D82B2428D1300069C953 /* PBXContainerItemProxy */;
		};
		84E6D8372428D1300069C953 /* PBXTargetDependency */ = {
			isa = PBXTargetDependency;
			target = 84E6D80F2428D1300069C953 /* platform 2D movement with dravity */;
			targetProxy = 84E6D8362428D1300069C953 /* PBXContainerItemProxy */;
		};
/* End PBXTargetDependency section */

/* Begin PBXVariantGroup section */
		84E6D81D2428D1300069C953 /* Main.storyboard */ = {
			isa = PBXVariantGroup;
			children = (
				84E6D81E2428D1300069C953 /* Base */,
			);
			name = Main.storyboard;
			sourceTree = "<group>";
		};
		84E6D8222428D1300069C953 /* LaunchScreen.storyboard */ = {
			isa = PBXVariantGroup;
			children = (
				84E6D8232428D1300069C953 /* Base */,
			);
			name = LaunchScreen.storyboard;
			sourceTree = "<group>";
		};
/* End PBXVariantGroup section */

/* Begin XCBuildConfiguration section */
		84E6D83C2428D1300069C953 /* Debug */ = {
			isa = XCBuildConfiguration;
			buildSettings = {
				ALWAYS_SEARCH_USER_PATHS = NO;
				CLANG_ANALYZER_NONNULL = YES;
				CLANG_ANALYZER_NUMBER_OBJECT_CONVERSION = YES_AGGRESSIVE;
				CLANG_CXX_LANGUAGE_STANDARD = "gnu++14";
				CLANG_CXX_LIBRARY = "libc++";
				CLANG_ENABLE_MODULES = YES;
				CLANG_ENABLE_OBJC_ARC = YES;
				CLANG_ENABLE_OBJC_WEAK = YES;
				CLANG_WARN_BLOCK_CAPTURE_AUTORELEASING = YES;
				CLANG_WARN_BOOL_CONVERSION = YES;
				CLANG_WARN_COMMA = YES;
				CLANG_WARN_CONSTANT_CONVERSION = YES;
				CLANG_WARN_DEPRECATED_OBJC_IMPLEMENTATIONS = YES;
				CLANG_WARN_DIRECT_OBJC_ISA_USAGE = YES_ERROR;
				CLANG_WARN_DOCUMENTATION_COMMENTS = YES;
				CLANG_WARN_EMPTY_BODY = YES;
				CLANG_WARN_ENUM_CONVERSION = YES;
				CLANG_WARN_INFINITE_RECURSION = YES;
				CLANG_WARN_INT_CONVERSION = YES;
				CLANG_WARN_NON_LITERAL_NULL_CONVERSION = YES;
				CLANG_WARN_OBJC_IMPLICIT_RETAIN_SELF = YES;
				CLANG_WARN_OBJC_LITERAL_CONVERSION = YES;
				CLANG_WARN_OBJC_ROOT_CLASS = YES_ERROR;
				CLANG_WARN_RANGE_LOOP_ANALYSIS = YES;
				CLANG_WARN_STRICT_PROTOTYPES = YES;
				CLANG_WARN_SUSPICIOUS_MOVE = YES;
				CLANG_WARN_UNGUARDED_AVAILABILITY = YES_AGGRESSIVE;
				CLANG_WARN_UNREACHABLE_CODE = YES;
				CLANG_WARN__DUPLICATE_METHOD_MATCH = YES;
				COPY_PHASE_STRIP = NO;
				DEBUG_INFORMATION_FORMAT = dwarf;
				ENABLE_STRICT_OBJC_MSGSEND = YES;
				ENABLE_TESTABILITY = YES;
				GCC_C_LANGUAGE_STANDARD = gnu11;
				GCC_DYNAMIC_NO_PIC = NO;
				GCC_NO_COMMON_BLOCKS = YES;
				GCC_OPTIMIZATION_LEVEL = 0;
				GCC_PREPROCESSOR_DEFINITIONS = (
					"DEBUG=1",
					"$(inherited)",
				);
				GCC_WARN_64_TO_32_BIT_CONVERSION = YES;
				GCC_WARN_ABOUT_RETURN_TYPE = YES_ERROR;
				GCC_WARN_UNDECLARED_SELECTOR = YES;
				GCC_WARN_UNINITIALIZED_AUTOS = YES_AGGRESSIVE;
				GCC_WARN_UNUSED_FUNCTION = YES;
				GCC_WARN_UNUSED_VARIABLE = YES;
				IPHONEOS_DEPLOYMENT_TARGET = 13.2;
				MTL_ENABLE_DEBUG_INFO = INCLUDE_SOURCE;
				MTL_FAST_MATH = YES;
				ONLY_ACTIVE_ARCH = YES;
				SDKROOT = iphoneos;
				SWIFT_ACTIVE_COMPILATION_CONDITIONS = DEBUG;
				SWIFT_OPTIMIZATION_LEVEL = "-Onone";
			};
			name = Debug;
		};
		84E6D83D2428D1300069C953 /* Release */ = {
			isa = XCBuildConfiguration;
			buildSettings = {
				ALWAYS_SEARCH_USER_PATHS = NO;
				CLANG_ANALYZER_NONNULL = YES;
				CLANG_ANALYZER_NUMBER_OBJECT_CONVERSION = YES_AGGRESSIVE;
				CLANG_CXX_LANGUAGE_STANDARD = "gnu++14";
				CLANG_CXX_LIBRARY = "libc++";
				CLANG_ENABLE_MODULES = YES;
				CLANG_ENABLE_OBJC_ARC = YES;
				CLANG_ENABLE_OBJC_WEAK = YES;
				CLANG_WARN_BLOCK_CAPTURE_AUTORELEASING = YES;
				CLANG_WARN_BOOL_CONVERSION = YES;
				CLANG_WARN_COMMA = YES;
				CLANG_WARN_CONSTANT_CONVERSION = YES;
				CLANG_WARN_DEPRECATED_OBJC_IMPLEMENTATIONS = YES;
				CLANG_WARN_DIRECT_OBJC_ISA_USAGE = YES_ERROR;
				CLANG_WARN_DOCUMENTATION_COMMENTS = YES;
				CLANG_WARN_EMPTY_BODY = YES;
				CLANG_WARN_ENUM_CONVERSION = YES;
				CLANG_WARN_INFINITE_RECURSION = YES;
				CLANG_WARN_INT_CONVERSION = YES;
				CLANG_WARN_NON_LITERAL_NULL_CONVERSION = YES;
				CLANG_WARN_OBJC_IMPLICIT_RETAIN_SELF = YES;
				CLANG_WARN_OBJC_LITERAL_CONVERSION = YES;
				CLANG_WARN_OBJC_ROOT_CLASS = YES_ERROR;
				CLANG_WARN_RANGE_LOOP_ANALYSIS = YES;
				CLANG_WARN_STRICT_PROTOTYPES = YES;
				CLANG_WARN_SUSPICIOUS_MOVE = YES;
				CLANG_WARN_UNGUARDED_AVAILABILITY = YES_AGGRESSIVE;
				CLANG_WARN_UNREACHABLE_CODE = YES;
				CLANG_WARN__DUPLICATE_METHOD_MATCH = YES;
				COPY_PHASE_STRIP = NO;
				DEBUG_INFORMATION_FORMAT = "dwarf-with-dsym";
				ENABLE_NS_ASSERTIONS = NO;
				ENABLE_STRICT_OBJC_MSGSEND = YES;
				GCC_C_LANGUAGE_STANDARD = gnu11;
				GCC_NO_COMMON_BLOCKS = YES;
				GCC_WARN_64_TO_32_BIT_CONVERSION = YES;
				GCC_WARN_ABOUT_RETURN_TYPE = YES_ERROR;
				GCC_WARN_UNDECLARED_SELECTOR = YES;
				GCC_WARN_UNINITIALIZED_AUTOS = YES_AGGRESSIVE;
				GCC_WARN_UNUSED_FUNCTION = YES;
				GCC_WARN_UNUSED_VARIABLE = YES;
				IPHONEOS_DEPLOYMENT_TARGET = 13.2;
				MTL_ENABLE_DEBUG_INFO = NO;
				MTL_FAST_MATH = YES;
				SDKROOT = iphoneos;
				SWIFT_COMPILATION_MODE = wholemodule;
				SWIFT_OPTIMIZATION_LEVEL = "-O";
				VALIDATE_PRODUCT = YES;
			};
			name = Release;
		};
		84E6D83F2428D1300069C953 /* Debug */ = {
			isa = XCBuildConfiguration;
			buildSettings = {
				ASSETCATALOG_COMPILER_APPICON_NAME = AppIcon;
				CODE_SIGN_STYLE = Automatic;
				DEVELOPMENT_TEAM = 44MJBDB342;
				INFOPLIST_FILE = "platform 2D movement with dravity/Info.plist";
				LD_RUNPATH_SEARCH_PATHS = (
					"$(inherited)",
					"@executable_path/Frameworks",
				);
				MARKETING_VERSION = 0.1;
				PRODUCT_BUNDLE_IDENTIFIER = "com.DenysPashkov.platform-2D-movement-with-dravity";
				PRODUCT_NAME = "Great Game";
				SWIFT_VERSION = 5.0;
				TARGETED_DEVICE_FAMILY = 1;
			};
			name = Debug;
		};
		84E6D8402428D1300069C953 /* Release */ = {
			isa = XCBuildConfiguration;
			buildSettings = {
				ASSETCATALOG_COMPILER_APPICON_NAME = AppIcon;
				CODE_SIGN_STYLE = Automatic;
				DEVELOPMENT_TEAM = 44MJBDB342;
				INFOPLIST_FILE = "platform 2D movement with dravity/Info.plist";
				LD_RUNPATH_SEARCH_PATHS = (
					"$(inherited)",
					"@executable_path/Frameworks",
				);
				MARKETING_VERSION = 0.1;
				PRODUCT_BUNDLE_IDENTIFIER = "com.DenysPashkov.platform-2D-movement-with-dravity";
				PRODUCT_NAME = "Great Game";
				SWIFT_VERSION = 5.0;
				TARGETED_DEVICE_FAMILY = 1;
			};
			name = Release;
		};
		84E6D8422428D1300069C953 /* Debug */ = {
			isa = XCBuildConfiguration;
			buildSettings = {
				ALWAYS_EMBED_SWIFT_STANDARD_LIBRARIES = YES;
				BUNDLE_LOADER = "$(TEST_HOST)";
				CODE_SIGN_STYLE = Automatic;
				DEVELOPMENT_TEAM = 44MJBDB342;
				INFOPLIST_FILE = "platform 2D movement with dravityTests/Info.plist";
				IPHONEOS_DEPLOYMENT_TARGET = 13.2;
				LD_RUNPATH_SEARCH_PATHS = (
					"$(inherited)",
					"@executable_path/Frameworks",
					"@loader_path/Frameworks",
				);
				PRODUCT_BUNDLE_IDENTIFIER = "com.DenysPashkov.platform-2D-movement-with-dravityTests";
				PRODUCT_NAME = "$(TARGET_NAME)";
				SWIFT_VERSION = 5.0;
				TARGETED_DEVICE_FAMILY = "1,2";
				TEST_HOST = "$(BUILT_PRODUCTS_DIR)/platform 2D movement with dravity.app/platform 2D movement with dravity";
			};
			name = Debug;
		};
		84E6D8432428D1300069C953 /* Release */ = {
			isa = XCBuildConfiguration;
			buildSettings = {
				ALWAYS_EMBED_SWIFT_STANDARD_LIBRARIES = YES;
				BUNDLE_LOADER = "$(TEST_HOST)";
				CODE_SIGN_STYLE = Automatic;
				DEVELOPMENT_TEAM = 44MJBDB342;
				INFOPLIST_FILE = "platform 2D movement with dravityTests/Info.plist";
				IPHONEOS_DEPLOYMENT_TARGET = 13.2;
				LD_RUNPATH_SEARCH_PATHS = (
					"$(inherited)",
					"@executable_path/Frameworks",
					"@loader_path/Frameworks",
				);
				PRODUCT_BUNDLE_IDENTIFIER = "com.DenysPashkov.platform-2D-movement-with-dravityTests";
				PRODUCT_NAME = "$(TARGET_NAME)";
				SWIFT_VERSION = 5.0;
				TARGETED_DEVICE_FAMILY = "1,2";
				TEST_HOST = "$(BUILT_PRODUCTS_DIR)/platform 2D movement with dravity.app/platform 2D movement with dravity";
			};
			name = Release;
		};
		84E6D8452428D1300069C953 /* Debug */ = {
			isa = XCBuildConfiguration;
			buildSettings = {
				ALWAYS_EMBED_SWIFT_STANDARD_LIBRARIES = YES;
				CODE_SIGN_STYLE = Automatic;
				DEVELOPMENT_TEAM = 44MJBDB342;
				INFOPLIST_FILE = "platform 2D movement with dravityUITests/Info.plist";
				LD_RUNPATH_SEARCH_PATHS = (
					"$(inherited)",
					"@executable_path/Frameworks",
					"@loader_path/Frameworks",
				);
				PRODUCT_BUNDLE_IDENTIFIER = "com.DenysPashkov.platform-2D-movement-with-dravityUITests";
				PRODUCT_NAME = "$(TARGET_NAME)";
				SWIFT_VERSION = 5.0;
				TARGETED_DEVICE_FAMILY = "1,2";
				TEST_TARGET_NAME = "platform 2D movement with dravity";
			};
			name = Debug;
		};
		84E6D8462428D1300069C953 /* Release */ = {
			isa = XCBuildConfiguration;
			buildSettings = {
				ALWAYS_EMBED_SWIFT_STANDARD_LIBRARIES = YES;
				CODE_SIGN_STYLE = Automatic;
				DEVELOPMENT_TEAM = 44MJBDB342;
				INFOPLIST_FILE = "platform 2D movement with dravityUITests/Info.plist";
				LD_RUNPATH_SEARCH_PATHS = (
					"$(inherited)",
					"@executable_path/Frameworks",
					"@loader_path/Frameworks",
				);
				PRODUCT_BUNDLE_IDENTIFIER = "com.DenysPashkov.platform-2D-movement-with-dravityUITests";
				PRODUCT_NAME = "$(TARGET_NAME)";
				SWIFT_VERSION = 5.0;
				TARGETED_DEVICE_FAMILY = "1,2";
				TEST_TARGET_NAME = "platform 2D movement with dravity";
			};
			name = Release;
		};
/* End XCBuildConfiguration section */

/* Begin XCConfigurationList section */
		84E6D80B2428D1300069C953 /* Build configuration list for PBXProject "platform 2D movement with dravity" */ = {
			isa = XCConfigurationList;
			buildConfigurations = (
				84E6D83C2428D1300069C953 /* Debug */,
				84E6D83D2428D1300069C953 /* Release */,
			);
			defaultConfigurationIsVisible = 0;
			defaultConfigurationName = Release;
		};
		84E6D83E2428D1300069C953 /* Build configuration list for PBXNativeTarget "platform 2D movement with dravity" */ = {
			isa = XCConfigurationList;
			buildConfigurations = (
				84E6D83F2428D1300069C953 /* Debug */,
				84E6D8402428D1300069C953 /* Release */,
			);
			defaultConfigurationIsVisible = 0;
			defaultConfigurationName = Release;
		};
		84E6D8412428D1300069C953 /* Build configuration list for PBXNativeTarget "platform 2D movement with dravityTests" */ = {
			isa = XCConfigurationList;
			buildConfigurations = (
				84E6D8422428D1300069C953 /* Debug */,
				84E6D8432428D1300069C953 /* Release */,
			);
			defaultConfigurationIsVisible = 0;
			defaultConfigurationName = Release;
		};
		84E6D8442428D1300069C953 /* Build configuration list for PBXNativeTarget "platform 2D movement with dravityUITests" */ = {
			isa = XCConfigurationList;
			buildConfigurations = (
				84E6D8452428D1300069C953 /* Debug */,
				84E6D8462428D1300069C953 /* Release */,
			);
			defaultConfigurationIsVisible = 0;
			defaultConfigurationName = Release;
		};
/* End XCConfigurationList section */
	};
	rootObject = 84E6D8082428D1300069C953 /* Project object */;
}
